
Microsoft Visual Studio Solution File, Format Version 12.00
# Visual Studio Version 16
VisualStudioVersion = 16.0.33027.164
MinimumVisualStudioVersion = 10.0.40219.1
Project("{FAE04EC0-301F-11D3-BF4B-00C04F79EFBC}") = "BookWebApi23112022", "BookWebApi23112022.csproj", "{4D671623-E476-4E45-847A-1B73629E29E9}"
EndProject
Global
	GlobalSection(SolutionConfigurationPlatforms) = preSolution
		Debug|Any CPU = Debug|Any CPU
		Release|Any CPU = Release|Any CPU
	EndGlobalSection
	GlobalSection(ProjectConfigurationPlatforms) = postSolution
		{4D671623-E476-4E45-847A-1B73629E29E9}.Debug|Any CPU.ActiveCfg = Debug|Any CPU
		{4D671623-E476-4E45-847A-1B73629E29E9}.Debug|Any CPU.Build.0 = Debug|Any CPU
		{4D671623-E476-4E45-847A-1B73629E29E9}.Release|Any CPU.ActiveCfg = Release|Any CPU
		{4D671623-E476-4E45-847A-1B73629E29E9}.Release|Any CPU.Build.0 = Release|Any CPU
	EndGlobalSection
	GlobalSection(SolutionProperties) = preSolution
		HideSolutionNode = FALSE
	EndGlobalSection
	GlobalSection(ExtensibilityGlobals) = postSolution
		SolutionGuid = {C0F11D9A-3C5A-4762-85F7-123DDC9E0C21}
	EndGlobalSection
EndGlobal
